
Microsoft Visual Studio Solution File, Format Version 12.00
# Visual Studio Version 16
VisualStudioVersion = 25.0.1706.12
MinimumVisualStudioVersion = 10.0.40219.1
Project("{FAE04EC0-301F-11D3-BF4B-00C04F79EFBC}") = "ContainerBook", "ContainerBook\ContainerBook.csproj", "{08B3D73D-9276-4D38-930D-91D31A43D454}"
EndProject
Project("{FAE04EC0-301F-11D3-BF4B-00C04F79EFBC}") = "ContainerBook.Services", "ContainerBook.Services\ContainerBook.Services.csproj", "{364B6293-615C-4EDA-86CC-55044F2ACEF2}"
EndProject
Project("{FAE04EC0-301F-11D3-BF4B-00C04F79EFBC}") = "ContainerBook.Core", "ContainerBook.Core\ContainerBook.Core.csproj", "{D4A2C274-F4D0-43CA-B983-1CAB12458DBA}"
EndProject
Global
	GlobalSection(SolutionConfigurationPlatforms) = preSolution
		Debug|Any CPU = Debug|Any CPU
		Release|Any CPU = Release|Any CPU
	EndGlobalSection
	GlobalSection(ProjectConfigurationPlatforms) = postSolution
		{08B3D73D-9276-4D38-930D-91D31A43D454}.Debug|Any CPU.ActiveCfg = Debug|Any CPU
		{08B3D73D-9276-4D38-930D-91D31A43D454}.Debug|Any CPU.Build.0 = Debug|Any CPU
		{08B3D73D-9276-4D38-930D-91D31A43D454}.Release|Any CPU.ActiveCfg = Release|Any CPU
		{08B3D73D-9276-4D38-930D-91D31A43D454}.Release|Any CPU.Build.0 = Release|Any CPU
		{364B6293-615C-4EDA-86CC-55044F2ACEF2}.Debug|Any CPU.ActiveCfg = Debug|Any CPU
		{364B6293-615C-4EDA-86CC-55044F2ACEF2}.Debug|Any CPU.Build.0 = Debug|Any CPU
		{364B6293-615C-4EDA-86CC-55044F2ACEF2}.Release|Any CPU.ActiveCfg = Release|Any CPU
		{364B6293-615C-4EDA-86CC-55044F2ACEF2}.Release|Any CPU.Build.0 = Release|Any CPU
		{D4A2C274-F4D0-43CA-B983-1CAB12458DBA}.Debug|Any CPU.ActiveCfg = Debug|Any CPU
		{D4A2C274-F4D0-43CA-B983-1CAB12458DBA}.Debug|Any CPU.Build.0 = Debug|Any CPU
		{D4A2C274-F4D0-43CA-B983-1CAB12458DBA}.Release|Any CPU.ActiveCfg = Release|Any CPU
		{D4A2C274-F4D0-43CA-B983-1CAB12458DBA}.Release|Any CPU.Build.0 = Release|Any CPU
	EndGlobalSection
	GlobalSection(SolutionProperties) = preSolution
		HideSolutionNode = FALSE
	EndGlobalSection
	GlobalSection(ExtensibilityGlobals) = postSolution
		SolutionGuid = {F242D6F3-F6E3-439D-AB49-333A451A1534}
	EndGlobalSection
EndGlobal
